
Microsoft Visual Studio Solution File, Format Version 12.00
# Visual Studio 15
VisualStudioVersion = 15.0.28307.421
MinimumVisualStudioVersion = 10.0.40219.1
Project("{FAE04EC0-301F-11D3-BF4B-00C04F79EFBC}") = "AspNetCoreMVCCRUD", "AspNetCoreMVCCRUD\AspNetCoreMVCCRUD.csproj", "{D47522F8-E0B0-4D6F-AED5-A82A2CE9B2E8}"
EndProject
Global
	GlobalSection(SolutionConfigurationPlatforms) = preSolution
		Debug|Any CPU = Debug|Any CPU
		Release|Any CPU = Release|Any CPU
	EndGlobalSection
	GlobalSection(ProjectConfigurationPlatforms) = postSolution
		{D47522F8-E0B0-4D6F-AED5-A82A2CE9B2E8}.Debug|Any CPU.ActiveCfg = Debug|Any CPU
		{D47522F8-E0B0-4D6F-AED5-A82A2CE9B2E8}.Debug|Any CPU.Build.0 = Debug|Any CPU
		{D47522F8-E0B0-4D6F-AED5-A82A2CE9B2E8}.Release|Any CPU.ActiveCfg = Release|Any CPU
		{D47522F8-E0B0-4D6F-AED5-A82A2CE9B2E8}.Release|Any CPU.Build.0 = Release|Any CPU
	EndGlobalSection
	GlobalSection(SolutionProperties) = preSolution
		HideSolutionNode = FALSE
	EndGlobalSection
	GlobalSection(ExtensibilityGlobals) = postSolution
		SolutionGuid = {DEC43403-5F8E-4604-97E9-97C4E7D45593}
	EndGlobalSection
EndGlobal
